
Microsoft Visual Studio Solution File, Format Version 12.00
# Visual Studio Version 17
VisualStudioVersion = 17.3.32901.215
MinimumVisualStudioVersion = 10.0.40219.1
Project("{9A19103F-16F7-4668-BE54-9A1E7A4F7556}") = "1.1", "wasp дз1\1.1.csproj", "{CD734326-6E73-4C63-89FD-6FFB726E44FC}"
EndProject
Project("{9A19103F-16F7-4668-BE54-9A1E7A4F7556}") = "1.2", "2\1.2.csproj", "{A8557625-8804-4D1E-AF9E-6EF24BF88633}"
EndProject
Project("{FAE04EC0-301F-11D3-BF4B-00C04F79EFBC}") = "1.4", "1.4\1.4.csproj", "{469607CF-13DA-4E44-9655-81C3AE9DC666}"
EndProject
Project("{FAE04EC0-301F-11D3-BF4B-00C04F79EFBC}") = "2.1", "2.1\2.1.csproj", "{57C6B38F-839C-46AD-9243-6553859BE6AB}"
EndProject
Project("{FAE04EC0-301F-11D3-BF4B-00C04F79EFBC}") = "2.2", "2.2\2.2.csproj", "{D8AD2AA3-2508-4BF7-B241-965D14396071}"
EndProject
Project("{FAE04EC0-301F-11D3-BF4B-00C04F79EFBC}") = "2.3", "2.3\2.3.csproj", "{5F7F7EB2-6387-41C0-AAF8-3A635DC7284A}"
EndProject
Project("{FAE04EC0-301F-11D3-BF4B-00C04F79EFBC}") = "2.4", "2.4\2.4.csproj", "{B4F0149F-189C-4B83-B247-71838C3ADF40}"
EndProject
Global
	GlobalSection(SolutionConfigurationPlatforms) = preSolution
		Debug|Any CPU = Debug|Any CPU
		Release|Any CPU = Release|Any CPU
	EndGlobalSection
	GlobalSection(ProjectConfigurationPlatforms) = postSolution
		{CD734326-6E73-4C63-89FD-6FFB726E44FC}.Debug|Any CPU.ActiveCfg = Debug|Any CPU
		{CD734326-6E73-4C63-89FD-6FFB726E44FC}.Debug|Any CPU.Build.0 = Debug|Any CPU
		{CD734326-6E73-4C63-89FD-6FFB726E44FC}.Release|Any CPU.ActiveCfg = Release|Any CPU
		{CD734326-6E73-4C63-89FD-6FFB726E44FC}.Release|Any CPU.Build.0 = Release|Any CPU
		{A8557625-8804-4D1E-AF9E-6EF24BF88633}.Debug|Any CPU.ActiveCfg = Debug|Any CPU
		{A8557625-8804-4D1E-AF9E-6EF24BF88633}.Debug|Any CPU.Build.0 = Debug|Any CPU
		{A8557625-8804-4D1E-AF9E-6EF24BF88633}.Release|Any CPU.ActiveCfg = Release|Any CPU
		{A8557625-8804-4D1E-AF9E-6EF24BF88633}.Release|Any CPU.Build.0 = Release|Any CPU
		{469607CF-13DA-4E44-9655-81C3AE9DC666}.Debug|Any CPU.ActiveCfg = Debug|Any CPU
		{469607CF-13DA-4E44-9655-81C3AE9DC666}.Debug|Any CPU.Build.0 = Debug|Any CPU
		{469607CF-13DA-4E44-9655-81C3AE9DC666}.Release|Any CPU.ActiveCfg = Release|Any CPU
		{469607CF-13DA-4E44-9655-81C3AE9DC666}.Release|Any CPU.Build.0 = Release|Any CPU
		{57C6B38F-839C-46AD-9243-6553859BE6AB}.Debug|Any CPU.ActiveCfg = Debug|Any CPU
		{57C6B38F-839C-46AD-9243-6553859BE6AB}.Debug|Any CPU.Build.0 = Debug|Any CPU
		{57C6B38F-839C-46AD-9243-6553859BE6AB}.Release|Any CPU.ActiveCfg = Release|Any CPU
		{57C6B38F-839C-46AD-9243-6553859BE6AB}.Release|Any CPU.Build.0 = Release|Any CPU
		{D8AD2AA3-2508-4BF7-B241-965D14396071}.Debug|Any CPU.ActiveCfg = Debug|Any CPU
		{D8AD2AA3-2508-4BF7-B241-965D14396071}.Debug|Any CPU.Build.0 = Debug|Any CPU
		{D8AD2AA3-2508-4BF7-B241-965D14396071}.Release|Any CPU.ActiveCfg = Release|Any CPU
		{D8AD2AA3-2508-4BF7-B241-965D14396071}.Release|Any CPU.Build.0 = Release|Any CPU
		{5F7F7EB2-6387-41C0-AAF8-3A635DC7284A}.Debug|Any CPU.ActiveCfg = Debug|Any CPU
		{5F7F7EB2-6387-41C0-AAF8-3A635DC7284A}.Debug|Any CPU.Build.0 = Debug|Any CPU
		{5F7F7EB2-6387-41C0-AAF8-3A635DC7284A}.Release|Any CPU.ActiveCfg = Release|Any CPU
		{5F7F7EB2-6387-41C0-AAF8-3A635DC7284A}.Release|Any CPU.Build.0 = Release|Any CPU
		{B4F0149F-189C-4B83-B247-71838C3ADF40}.Debug|Any CPU.ActiveCfg = Debug|Any CPU
		{B4F0149F-189C-4B83-B247-71838C3ADF40}.Debug|Any CPU.Build.0 = Debug|Any CPU
		{B4F0149F-189C-4B83-B247-71838C3ADF40}.Release|Any CPU.ActiveCfg = Release|Any CPU
		{B4F0149F-189C-4B83-B247-71838C3ADF40}.Release|Any CPU.Build.0 = Release|Any CPU
	EndGlobalSection
	GlobalSection(SolutionProperties) = preSolution
		HideSolutionNode = FALSE
	EndGlobalSection
	GlobalSection(ExtensibilityGlobals) = postSolution
		SolutionGuid = {67B79A1F-F2E7-4E55-898B-16EDD5AA9A82}
	EndGlobalSection
EndGlobal
